// !$*UTF8*$!
{
	archiveVersion = 1;
	classes = {
	};
	objectVersion = 55;
	objects = {

/* Begin PBXBuildFile section */
		DDEEAFC728906A50006BC5F9 /* main.swift in Sources */ = {isa = PBXBuildFile; fileRef = DDEEAFC628906A50006BC5F9 /* main.swift */; };
		DDEEAFCE28906AA4006BC5F9 /* Piece.swift in Sources */ = {isa = PBXBuildFile; fileRef = DDEEAFCD28906AA4006BC5F9 /* Piece.swift */; };
		DDEEAFD028906AAF006BC5F9 /* Board.swift in Sources */ = {isa = PBXBuildFile; fileRef = DDEEAFCF28906AAF006BC5F9 /* Board.swift */; };
		DDEEAFD228919F39006BC5F9 /* Tree.swift in Sources */ = {isa = PBXBuildFile; fileRef = DDEEAFD128919F39006BC5F9 /* Tree.swift */; };
		DDEEAFD42891A0E4006BC5F9 /* Node.swift in Sources */ = {isa = PBXBuildFile; fileRef = DDEEAFD32891A0E4006BC5F9 /* Node.swift */; };
		DDEF14F928A28A6A009A6165 /* Tree2.swift in Sources */ = {isa = PBXBuildFile; fileRef = DDEF14F528A28701009A6165 /* Tree2.swift */; };
		DDEF14FA28A28A6A009A6165 /* Node2.swift in Sources */ = {isa = PBXBuildFile; fileRef = DDEF14F728A2870E009A6165 /* Node2.swift */; };
		DDEF14FB28A28A6A009A6165 /* Board2.swift in Sources */ = {isa = PBXBuildFile; fileRef = DDEF14F328A286F6009A6165 /* Board2.swift */; };
		DDEF14FC28A28A6A009A6165 /* Piece2.swift in Sources */ = {isa = PBXBuildFile; fileRef = DDEF14F128A286D9009A6165 /* Piece2.swift */; };
/* End PBXBuildFile section */

/* Begin PBXCopyFilesBuildPhase section */
		DDEEAFC128906A50006BC5F9 /* CopyFiles */ = {
			isa = PBXCopyFilesBuildPhase;
			buildActionMask = 2147483647;
			dstPath = /usr/share/man/man1/;
			dstSubfolderSpec = 0;
			files = (
			);
			runOnlyForDeploymentPostprocessing = 1;
		};
/* End PBXCopyFilesBuildPhase section */

/* Begin PBXFileReference section */
		DDEEAFC328906A50006BC5F9 /* KlotskiSolver */ = {isa = PBXFileReference; explicitFileType = "compiled.mach-o.executable"; includeInIndex = 0; path = KlotskiSolver; sourceTree = BUILT_PRODUCTS_DIR; };
		DDEEAFC628906A50006BC5F9 /* main.swift */ = {isa = PBXFileReference; lastKnownFileType = sourcecode.swift; path = main.swift; sourceTree = "<group>"; };
		DDEEAFCD28906AA4006BC5F9 /* Piece.swift */ = {isa = PBXFileReference; lastKnownFileType = sourcecode.swift; path = Piece.swift; sourceTree = "<group>"; };
		DDEEAFCF28906AAF006BC5F9 /* Board.swift */ = {isa = PBXFileReference; lastKnownFileType = sourcecode.swift; path = Board.swift; sourceTree = "<group>"; };
		DDEEAFD128919F39006BC5F9 /* Tree.swift */ = {isa = PBXFileReference; lastKnownFileType = sourcecode.swift; path = Tree.swift; sourceTree = "<group>"; };
		DDEEAFD32891A0E4006BC5F9 /* Node.swift */ = {isa = PBXFileReference; lastKnownFileType = sourcecode.swift; path = Node.swift; sourceTree = "<group>"; };
		DDEF14F128A286D9009A6165 /* Piece2.swift */ = {isa = PBXFileReference; lastKnownFileType = sourcecode.swift; path = Piece2.swift; sourceTree = "<group>"; };
		DDEF14F328A286F6009A6165 /* Board2.swift */ = {isa = PBXFileReference; lastKnownFileType = sourcecode.swift; path = Board2.swift; sourceTree = "<group>"; };
		DDEF14F528A28701009A6165 /* Tree2.swift */ = {isa = PBXFileReference; lastKnownFileType = sourcecode.swift; path = Tree2.swift; sourceTree = "<group>"; };
		DDEF14F728A2870E009A6165 /* Node2.swift */ = {isa = PBXFileReference; lastKnownFileType = sourcecode.swift; path = Node2.swift; sourceTree = "<group>"; };
/* End PBXFileReference section */

/* Begin PBXFrameworksBuildPhase section */
		DDEEAFC028906A50006BC5F9 /* Frameworks */ = {
			isa = PBXFrameworksBuildPhase;
			buildActionMask = 2147483647;
			files = (
			);
			runOnlyForDeploymentPostprocessing = 0;
		};
/* End PBXFrameworksBuildPhase section */

/* Begin PBXGroup section */
		DDEEAFBA28906A4F006BC5F9 = {
			isa = PBXGroup;
			children = (
				DDEEAFC528906A50006BC5F9 /* KlotskiSolver */,
				DDEEAFC428906A50006BC5F9 /* Products */,
			);
			sourceTree = "<group>";
		};
		DDEEAFC428906A50006BC5F9 /* Products */ = {
			isa = PBXGroup;
			children = (
				DDEEAFC328906A50006BC5F9 /* KlotskiSolver */,
			);
			name = Products;
			sourceTree = "<group>";
		};
		DDEEAFC528906A50006BC5F9 /* KlotskiSolver */ = {
			isa = PBXGroup;
			children = (
				DDEEAFC628906A50006BC5F9 /* main.swift */,
				DDEF14EF28A286BA009A6165 /* V1 */,
				DDEF14F028A286C3009A6165 /* V2 */,
			);
			path = KlotskiSolver;
			sourceTree = "<group>";
		};
		DDEF14EF28A286BA009A6165 /* V1 */ = {
			isa = PBXGroup;
			children = (
				DDEEAFD128919F39006BC5F9 /* Tree.swift */,
				DDEEAFD32891A0E4006BC5F9 /* Node.swift */,
				DDEEAFCF28906AAF006BC5F9 /* Board.swift */,
				DDEEAFCD28906AA4006BC5F9 /* Piece.swift */,
			);
			path = V1;
			sourceTree = "<group>";
		};
		DDEF14F028A286C3009A6165 /* V2 */ = {
			isa = PBXGroup;
			children = (
				DDEF14F528A28701009A6165 /* Tree2.swift */,
				DDEF14F728A2870E009A6165 /* Node2.swift */,
				DDEF14F328A286F6009A6165 /* Board2.swift */,
				DDEF14F128A286D9009A6165 /* Piece2.swift */,
			);
			path = V2;
			sourceTree = "<group>";
		};
/* End PBXGroup section */

/* Begin PBXNativeTarget section */
		DDEEAFC228906A50006BC5F9 /* KlotskiSolver */ = {
			isa = PBXNativeTarget;
			buildConfigurationList = DDEEAFCA28906A50006BC5F9 /* Build configuration list for PBXNativeTarget "KlotskiSolver" */;
			buildPhases = (
				DDEEAFBF28906A50006BC5F9 /* Sources */,
				DDEEAFC028906A50006BC5F9 /* Frameworks */,
				DDEEAFC128906A50006BC5F9 /* CopyFiles */,
			);
			buildRules = (
			);
			dependencies = (
			);
			name = KlotskiSolver;
			productName = KlotskiSolver;
			productReference = DDEEAFC328906A50006BC5F9 /* KlotskiSolver */;
			productType = "com.apple.product-type.tool";
		};
/* End PBXNativeTarget section */

/* Begin PBXProject section */
		DDEEAFBB28906A4F006BC5F9 /* Project object */ = {
			isa = PBXProject;
			attributes = {
				BuildIndependentTargetsInParallel = 1;
				LastSwiftUpdateCheck = 1340;
				LastUpgradeCheck = 1340;
				TargetAttributes = {
					DDEEAFC228906A50006BC5F9 = {
						CreatedOnToolsVersion = 13.4.1;
					};
				};
			};
			buildConfigurationList = DDEEAFBE28906A4F006BC5F9 /* Build configuration list for PBXProject "KlotskiSolver" */;
			compatibilityVersion = "Xcode 13.0";
			developmentRegion = en;
			hasScannedForEncodings = 0;
			knownRegions = (
				en,
				Base,
			);
			mainGroup = DDEEAFBA28906A4F006BC5F9;
			productRefGroup = DDEEAFC428906A50006BC5F9 /* Products */;
			projectDirPath = "";
			projectRoot = "";
			targets = (
				DDEEAFC228906A50006BC5F9 /* KlotskiSolver */,
			);
		};
/* End PBXProject section */

/* Begin PBXSourcesBuildPhase section */
		DDEEAFBF28906A50006BC5F9 /* Sources */ = {
			isa = PBXSourcesBuildPhase;
			buildActionMask = 2147483647;
			files = (
				DDEF14F928A28A6A009A6165 /* Tree2.swift in Sources */,
				DDEF14FA28A28A6A009A6165 /* Node2.swift in Sources */,
				DDEF14FB28A28A6A009A6165 /* Board2.swift in Sources */,
				DDEF14FC28A28A6A009A6165 /* Piece2.swift in Sources */,
				DDEEAFCE28906AA4006BC5F9 /* Piece.swift in Sources */,
				DDEEAFD42891A0E4006BC5F9 /* Node.swift in Sources */,
				DDEEAFD228919F39006BC5F9 /* Tree.swift in Sources */,
				DDEEAFC728906A50006BC5F9 /* main.swift in Sources */,
				DDEEAFD028906AAF006BC5F9 /* Board.swift in Sources */,
			);
			runOnlyForDeploymentPostprocessing = 0;
		};
/* End PBXSourcesBuildPhase section */

/* Begin XCBuildConfiguration section */
		DDEEAFC828906A50006BC5F9 /* Debug */ = {
			isa = XCBuildConfiguration;
			buildSettings = {
				ALWAYS_SEARCH_USER_PATHS = NO;
				CLANG_ANALYZER_NONNULL = YES;
				CLANG_ANALYZER_NUMBER_OBJECT_CONVERSION = YES_AGGRESSIVE;
				CLANG_CXX_LANGUAGE_STANDARD = "gnu++17";
				CLANG_ENABLE_MODULES = YES;
				CLANG_ENABLE_OBJC_ARC = YES;
				CLANG_ENABLE_OBJC_WEAK = YES;
				CLANG_WARN_BLOCK_CAPTURE_AUTORELEASING = YES;
				CLANG_WARN_BOOL_CONVERSION = YES;
				CLANG_WARN_COMMA = YES;
				CLANG_WARN_CONSTANT_CONVERSION = YES;
				CLANG_WARN_DEPRECATED_OBJC_IMPLEMENTATIONS = YES;
				CLANG_WARN_DIRECT_OBJC_ISA_USAGE = YES_ERROR;
				CLANG_WARN_DOCUMENTATION_COMMENTS = YES;
				CLANG_WARN_EMPTY_BODY = YES;
				CLANG_WARN_ENUM_CONVERSION = YES;
				CLANG_WARN_INFINITE_RECURSION = YES;
				CLANG_WARN_INT_CONVERSION = YES;
				CLANG_WARN_NON_LITERAL_NULL_CONVERSION = YES;
				CLANG_WARN_OBJC_IMPLICIT_RETAIN_SELF = YES;
				CLANG_WARN_OBJC_LITERAL_CONVERSION = YES;
				CLANG_WARN_OBJC_ROOT_CLASS = YES_ERROR;
				CLANG_WARN_QUOTED_INCLUDE_IN_FRAMEWORK_HEADER = YES;
				CLANG_WARN_RANGE_LOOP_ANALYSIS = YES;
				CLANG_WARN_STRICT_PROTOTYPES = YES;
				CLANG_WARN_SUSPICIOUS_MOVE = YES;
				CLANG_WARN_UNGUARDED_AVAILABILITY = YES_AGGRESSIVE;
				CLANG_WARN_UNREACHABLE_CODE = YES;
				CLANG_WARN__DUPLICATE_METHOD_MATCH = YES;
				COPY_PHASE_STRIP = NO;
				DEBUG_INFORMATION_FORMAT = dwarf;
				ENABLE_STRICT_OBJC_MSGSEND = YES;
				ENABLE_TESTABILITY = YES;
				GCC_C_LANGUAGE_STANDARD = gnu11;
				GCC_DYNAMIC_NO_PIC = NO;
				GCC_NO_COMMON_BLOCKS = YES;
				GCC_OPTIMIZATION_LEVEL = 0;
				GCC_PREPROCESSOR_DEFINITIONS = (
					"DEBUG=1",
					"$(inherited)",
				);
				GCC_WARN_64_TO_32_BIT_CONVERSION = YES;
				GCC_WARN_ABOUT_RETURN_TYPE = YES_ERROR;
				GCC_WARN_UNDECLARED_SELECTOR = YES;
				GCC_WARN_UNINITIALIZED_AUTOS = YES_AGGRESSIVE;
				GCC_WARN_UNUSED_FUNCTION = YES;
				GCC_WARN_UNUSED_VARIABLE = YES;
				MACOSX_DEPLOYMENT_TARGET = 12.3;
				MTL_ENABLE_DEBUG_INFO = INCLUDE_SOURCE;
				MTL_FAST_MATH = YES;
				ONLY_ACTIVE_ARCH = YES;
				SDKROOT = macosx;
				SWIFT_ACTIVE_COMPILATION_CONDITIONS = DEBUG;
				SWIFT_OPTIMIZATION_LEVEL = "-Onone";
			};
			name = Debug;
		};
		DDEEAFC928906A50006BC5F9 /* Release */ = {
			isa = XCBuildConfiguration;
			buildSettings = {
				ALWAYS_SEARCH_USER_PATHS = NO;
				CLANG_ANALYZER_NONNULL = YES;
				CLANG_ANALYZER_NUMBER_OBJECT_CONVERSION = YES_AGGRESSIVE;
				CLANG_CXX_LANGUAGE_STANDARD = "gnu++17";
				CLANG_ENABLE_MODULES = YES;
				CLANG_ENABLE_OBJC_ARC = YES;
				CLANG_ENABLE_OBJC_WEAK = YES;
				CLANG_WARN_BLOCK_CAPTURE_AUTORELEASING = YES;
				CLANG_WARN_BOOL_CONVERSION = YES;
				CLANG_WARN_COMMA = YES;
				CLANG_WARN_CONSTANT_CONVERSION = YES;
				CLANG_WARN_DEPRECATED_OBJC_IMPLEMENTATIONS = YES;
				CLANG_WARN_DIRECT_OBJC_ISA_USAGE = YES_ERROR;
				CLANG_WARN_DOCUMENTATION_COMMENTS = YES;
				CLANG_WARN_EMPTY_BODY = YES;
				CLANG_WARN_ENUM_CONVERSION = YES;
				CLANG_WARN_INFINITE_RECURSION = YES;
				CLANG_WARN_INT_CONVERSION = YES;
				CLANG_WARN_NON_LITERAL_NULL_CONVERSION = YES;
				CLANG_WARN_OBJC_IMPLICIT_RETAIN_SELF = YES;
				CLANG_WARN_OBJC_LITERAL_CONVERSION = YES;
				CLANG_WARN_OBJC_ROOT_CLASS = YES_ERROR;
				CLANG_WARN_QUOTED_INCLUDE_IN_FRAMEWORK_HEADER = YES;
				CLANG_WARN_RANGE_LOOP_ANALYSIS = YES;
				CLANG_WARN_STRICT_PROTOTYPES = YES;
				CLANG_WARN_SUSPICIOUS_MOVE = YES;
				CLANG_WARN_UNGUARDED_AVAILABILITY = YES_AGGRESSIVE;
				CLANG_WARN_UNREACHABLE_CODE = YES;
				CLANG_WARN__DUPLICATE_METHOD_MATCH = YES;
				COPY_PHASE_STRIP = NO;
				DEBUG_INFORMATION_FORMAT = "dwarf-with-dsym";
				ENABLE_NS_ASSERTIONS = NO;
				ENABLE_STRICT_OBJC_MSGSEND = YES;
				GCC_C_LANGUAGE_STANDARD = gnu11;
				GCC_NO_COMMON_BLOCKS = YES;
				GCC_WARN_64_TO_32_BIT_CONVERSION = YES;
				GCC_WARN_ABOUT_RETURN_TYPE = YES_ERROR;
				GCC_WARN_UNDECLARED_SELECTOR = YES;
				GCC_WARN_UNINITIALIZED_AUTOS = YES_AGGRESSIVE;
				GCC_WARN_UNUSED_FUNCTION = YES;
				GCC_WARN_UNUSED_VARIABLE = YES;
				MACOSX_DEPLOYMENT_TARGET = 12.3;
				MTL_ENABLE_DEBUG_INFO = NO;
				MTL_FAST_MATH = YES;
				SDKROOT = macosx;
				SWIFT_COMPILATION_MODE = wholemodule;
				SWIFT_OPTIMIZATION_LEVEL = "-O";
			};
			name = Release;
		};
		DDEEAFCB28906A50006BC5F9 /* Debug */ = {
			isa = XCBuildConfiguration;
			buildSettings = {
				CODE_SIGN_STYLE = Automatic;
				PRODUCT_NAME = "$(TARGET_NAME)";
				SWIFT_VERSION = 5.0;
			};
			name = Debug;
		};
		DDEEAFCC28906A50006BC5F9 /* Release */ = {
			isa = XCBuildConfiguration;
			buildSettings = {
				CODE_SIGN_STYLE = Automatic;
				PRODUCT_NAME = "$(TARGET_NAME)";
				SWIFT_VERSION = 5.0;
			};
			name = Release;
		};
/* End XCBuildConfiguration section */

/* Begin XCConfigurationList section */
		DDEEAFBE28906A4F006BC5F9 /* Build configuration list for PBXProject "KlotskiSolver" */ = {
			isa = XCConfigurationList;
			buildConfigurations = (
				DDEEAFC828906A50006BC5F9 /* Debug */,
				DDEEAFC928906A50006BC5F9 /* Release */,
			);
			defaultConfigurationIsVisible = 0;
			defaultConfigurationName = Release;
		};
		DDEEAFCA28906A50006BC5F9 /* Build configuration list for PBXNativeTarget "KlotskiSolver" */ = {
			isa = XCConfigurationList;
			buildConfigurations = (
				DDEEAFCB28906A50006BC5F9 /* Debug */,
				DDEEAFCC28906A50006BC5F9 /* Release */,
			);
			defaultConfigurationIsVisible = 0;
			defaultConfigurationName = Release;
		};
/* End XCConfigurationList section */
	};
	rootObject = DDEEAFBB28906A4F006BC5F9 /* Project object */;
}
